// !$*UTF8*$!
{
	archiveVersion = 1;
	classes = {
	};
	objectVersion = 50;
	objects = {

/* Begin PBXBuildFile section */
		A12F247C247D0E3F0067157F /* MaskDetailController.swift in Sources */ = {isa = PBXBuildFile; fileRef = A12F247B247D0E3F0067157F /* MaskDetailController.swift */; };
		A12F2481247D34D30067157F /* SalesDetailController.swift in Sources */ = {isa = PBXBuildFile; fileRef = A12F247D247D34D30067157F /* SalesDetailController.swift */; };
		A12F2482247D34D30067157F /* SalesController.swift in Sources */ = {isa = PBXBuildFile; fileRef = A12F247E247D34D30067157F /* SalesController.swift */; };
		A12F2483247D34D30067157F /* HospitalController.swift in Sources */ = {isa = PBXBuildFile; fileRef = A12F247F247D34D30067157F /* HospitalController.swift */; };
		A12F2484247D34D30067157F /* HospitalDetailController.swift in Sources */ = {isa = PBXBuildFile; fileRef = A12F2480247D34D30067157F /* HospitalDetailController.swift */; };
		A12F2486247D35890067157F /* CityData.swift in Sources */ = {isa = PBXBuildFile; fileRef = A12F2485247D35890067157F /* CityData.swift */; };
		A1EB0293247AA6DB000794AB /* AppDelegate.swift in Sources */ = {isa = PBXBuildFile; fileRef = A1EB0292247AA6DB000794AB /* AppDelegate.swift */; };
		A1EB0295247AA6DB000794AB /* ViewController.swift in Sources */ = {isa = PBXBuildFile; fileRef = A1EB0294247AA6DB000794AB /* ViewController.swift */; };
		A1EB0298247AA6DB000794AB /* Main.storyboard in Resources */ = {isa = PBXBuildFile; fileRef = A1EB0296247AA6DB000794AB /* Main.storyboard */; };
		A1EB029A247AA6DF000794AB /* Assets.xcassets in Resources */ = {isa = PBXBuildFile; fileRef = A1EB0299247AA6DF000794AB /* Assets.xcassets */; };
		A1EB029D247AA6DF000794AB /* LaunchScreen.storyboard in Resources */ = {isa = PBXBuildFile; fileRef = A1EB029B247AA6DF000794AB /* LaunchScreen.storyboard */; };
		A1EB02A5247AADA0000794AB /* SearchController.swift in Sources */ = {isa = PBXBuildFile; fileRef = A1EB02A4247AADA0000794AB /* SearchController.swift */; };
		A1ED060C248B88FA002EF4D6 /* JSON.swift in Sources */ = {isa = PBXBuildFile; fileRef = A1ED060B248B88FA002EF4D6 /* JSON.swift */; };
		A1ED0610248B8F9C002EF4D6 /* STORE_CLASS.swift in Sources */ = {isa = PBXBuildFile; fileRef = A1ED060F248B8F9C002EF4D6 /* STORE_CLASS.swift */; };
		A1ED062F248CD561002EF4D6 /* CardViewController.swift in Sources */ = {isa = PBXBuildFile; fileRef = A1ED062E248CD561002EF4D6 /* CardViewController.swift */; };
		A1ED0631248ED92E002EF4D6 /* SearchFooter.swift in Sources */ = {isa = PBXBuildFile; fileRef = A1ED0630248ED92E002EF4D6 /* SearchFooter.swift */; };
		A1ED0633248F7E8B002EF4D6 /* Anno.swift in Sources */ = {isa = PBXBuildFile; fileRef = A1ED0632248F7E8B002EF4D6 /* Anno.swift */; };
		A1ED0637248F8ECE002EF4D6 /* MapViewController.swift in Sources */ = {isa = PBXBuildFile; fileRef = A1ED0636248F8ECE002EF4D6 /* MapViewController.swift */; };
/* End PBXBuildFile section */

/* Begin PBXFileReference section */
		A12F247B247D0E3F0067157F /* MaskDetailController.swift */ = {isa = PBXFileReference; lastKnownFileType = sourcecode.swift; path = MaskDetailController.swift; sourceTree = "<group>"; };
		A12F247D247D34D30067157F /* SalesDetailController.swift */ = {isa = PBXFileReference; fileEncoding = 4; lastKnownFileType = sourcecode.swift; path = SalesDetailController.swift; sourceTree = "<group>"; };
		A12F247E247D34D30067157F /* SalesController.swift */ = {isa = PBXFileReference; fileEncoding = 4; lastKnownFileType = sourcecode.swift; path = SalesController.swift; sourceTree = "<group>"; };
		A12F247F247D34D30067157F /* HospitalController.swift */ = {isa = PBXFileReference; fileEncoding = 4; lastKnownFileType = sourcecode.swift; path = HospitalController.swift; sourceTree = "<group>"; };
		A12F2480247D34D30067157F /* HospitalDetailController.swift */ = {isa = PBXFileReference; fileEncoding = 4; lastKnownFileType = sourcecode.swift; path = HospitalDetailController.swift; sourceTree = "<group>"; };
		A12F2485247D35890067157F /* CityData.swift */ = {isa = PBXFileReference; lastKnownFileType = sourcecode.swift; path = CityData.swift; sourceTree = "<group>"; };
		A1EB028F247AA6DB000794AB /* Coronask.app */ = {isa = PBXFileReference; explicitFileType = wrapper.application; includeInIndex = 0; path = Coronask.app; sourceTree = BUILT_PRODUCTS_DIR; };
		A1EB0292247AA6DB000794AB /* AppDelegate.swift */ = {isa = PBXFileReference; lastKnownFileType = sourcecode.swift; path = AppDelegate.swift; sourceTree = "<group>"; };
		A1EB0294247AA6DB000794AB /* ViewController.swift */ = {isa = PBXFileReference; lastKnownFileType = sourcecode.swift; path = ViewController.swift; sourceTree = "<group>"; };
		A1EB0297247AA6DB000794AB /* Base */ = {isa = PBXFileReference; lastKnownFileType = file.storyboard; name = Base; path = Base.lproj/Main.storyboard; sourceTree = "<group>"; };
		A1EB0299247AA6DF000794AB /* Assets.xcassets */ = {isa = PBXFileReference; lastKnownFileType = folder.assetcatalog; path = Assets.xcassets; sourceTree = "<group>"; };
		A1EB029C247AA6DF000794AB /* Base */ = {isa = PBXFileReference; lastKnownFileType = file.storyboard; name = Base; path = Base.lproj/LaunchScreen.storyboard; sourceTree = "<group>"; };
		A1EB029E247AA6DF000794AB /* Info.plist */ = {isa = PBXFileReference; lastKnownFileType = text.plist.xml; path = Info.plist; sourceTree = "<group>"; };
		A1EB02A4247AADA0000794AB /* SearchController.swift */ = {isa = PBXFileReference; lastKnownFileType = sourcecode.swift; path = SearchController.swift; sourceTree = "<group>"; };
		A1ED060B248B88FA002EF4D6 /* JSON.swift */ = {isa = PBXFileReference; fileEncoding = 4; lastKnownFileType = sourcecode.swift; path = JSON.swift; sourceTree = "<group>"; };
		A1ED060F248B8F9C002EF4D6 /* STORE_CLASS.swift */ = {isa = PBXFileReference; lastKnownFileType = sourcecode.swift; path = STORE_CLASS.swift; sourceTree = "<group>"; };
		A1ED062E248CD561002EF4D6 /* CardViewController.swift */ = {isa = PBXFileReference; lastKnownFileType = sourcecode.swift; path = CardViewController.swift; sourceTree = "<group>"; };
		A1ED0630248ED92E002EF4D6 /* SearchFooter.swift */ = {isa = PBXFileReference; fileEncoding = 4; lastKnownFileType = sourcecode.swift; path = SearchFooter.swift; sourceTree = "<group>"; };
		A1ED0632248F7E8B002EF4D6 /* Anno.swift */ = {isa = PBXFileReference; lastKnownFileType = sourcecode.swift; path = Anno.swift; sourceTree = "<group>"; };
		A1ED0636248F8ECE002EF4D6 /* MapViewController.swift */ = {isa = PBXFileReference; lastKnownFileType = sourcecode.swift; path = MapViewController.swift; sourceTree = "<group>"; };
/* End PBXFileReference section */

/* Begin PBXFrameworksBuildPhase section */
		A1EB028C247AA6DB000794AB /* Frameworks */ = {
			isa = PBXFrameworksBuildPhase;
			buildActionMask = 2147483647;
			files = (
			);
			runOnlyForDeploymentPostprocessing = 0;
		};
/* End PBXFrameworksBuildPhase section */

/* Begin PBXGroup section */
		A1EB0286247AA6DB000794AB = {
			isa = PBXGroup;
			children = (
				A1EB0291247AA6DB000794AB /* Coronask */,
				A1EB0290247AA6DB000794AB /* Products */,
			);
			sourceTree = "<group>";
		};
		A1EB0290247AA6DB000794AB /* Products */ = {
			isa = PBXGroup;
			children = (
				A1EB028F247AA6DB000794AB /* Coronask.app */,
			);
			name = Products;
			sourceTree = "<group>";
		};
		A1EB0291247AA6DB000794AB /* Coronask */ = {
			isa = PBXGroup;
			children = (
				A1ED060E248B8A14002EF4D6 /* Data */,
				A1ED060D248B89F5002EF4D6 /* Controller */,
				A1EB0292247AA6DB000794AB /* AppDelegate.swift */,
				A1ED0630248ED92E002EF4D6 /* SearchFooter.swift */,
				A1EB0294247AA6DB000794AB /* ViewController.swift */,
				A1EB0296247AA6DB000794AB /* Main.storyboard */,
				A1EB0299247AA6DF000794AB /* Assets.xcassets */,
				A1EB029B247AA6DF000794AB /* LaunchScreen.storyboard */,
				A1EB029E247AA6DF000794AB /* Info.plist */,
			);
			path = Coronask;
			sourceTree = "<group>";
		};
		A1ED060D248B89F5002EF4D6 /* Controller */ = {
			isa = PBXGroup;
			children = (
				A12F247F247D34D30067157F /* HospitalController.swift */,
				A12F2480247D34D30067157F /* HospitalDetailController.swift */,
				A12F247E247D34D30067157F /* SalesController.swift */,
				A12F247D247D34D30067157F /* SalesDetailController.swift */,
				A1EB02A4247AADA0000794AB /* SearchController.swift */,
				A12F247B247D0E3F0067157F /* MaskDetailController.swift */,
				A1ED062E248CD561002EF4D6 /* CardViewController.swift */,
				A1ED0636248F8ECE002EF4D6 /* MapViewController.swift */,
			);
			path = Controller;
			sourceTree = "<group>";
		};
		A1ED060E248B8A14002EF4D6 /* Data */ = {
			isa = PBXGroup;
			children = (
				A1ED060B248B88FA002EF4D6 /* JSON.swift */,
				A12F2485247D35890067157F /* CityData.swift */,
				A1ED060F248B8F9C002EF4D6 /* STORE_CLASS.swift */,
				A1ED0632248F7E8B002EF4D6 /* Anno.swift */,
			);
			path = Data;
			sourceTree = "<group>";
		};
/* End PBXGroup section */

/* Begin PBXNativeTarget section */
		A1EB028E247AA6DB000794AB /* Coronask */ = {
			isa = PBXNativeTarget;
			buildConfigurationList = A1EB02A1247AA6DF000794AB /* Build configuration list for PBXNativeTarget "Coronask" */;
			buildPhases = (
				A1EB028B247AA6DB000794AB /* Sources */,
				A1EB028C247AA6DB000794AB /* Frameworks */,
				A1EB028D247AA6DB000794AB /* Resources */,
			);
			buildRules = (
			);
			dependencies = (
			);
			name = Coronask;
			productName = Coronask;
			productReference = A1EB028F247AA6DB000794AB /* Coronask.app */;
			productType = "com.apple.product-type.application";
		};
/* End PBXNativeTarget section */

/* Begin PBXProject section */
		A1EB0287247AA6DB000794AB /* Project object */ = {
			isa = PBXProject;
			attributes = {
				LastSwiftUpdateCheck = 1010;
				LastUpgradeCheck = 1010;
				ORGANIZATIONNAME = "Gurnwoo Kim";
				TargetAttributes = {
					A1EB028E247AA6DB000794AB = {
						CreatedOnToolsVersion = 10.1;
					};
				};
			};
			buildConfigurationList = A1EB028A247AA6DB000794AB /* Build configuration list for PBXProject "Coronask" */;
			compatibilityVersion = "Xcode 9.3";
			developmentRegion = en;
			hasScannedForEncodings = 0;
			knownRegions = (
				en,
				Base,
			);
			mainGroup = A1EB0286247AA6DB000794AB;
			productRefGroup = A1EB0290247AA6DB000794AB /* Products */;
			projectDirPath = "";
			projectRoot = "";
			targets = (
				A1EB028E247AA6DB000794AB /* Coronask */,
			);
		};
/* End PBXProject section */

/* Begin PBXResourcesBuildPhase section */
		A1EB028D247AA6DB000794AB /* Resources */ = {
			isa = PBXResourcesBuildPhase;
			buildActionMask = 2147483647;
			files = (
				A1EB029D247AA6DF000794AB /* LaunchScreen.storyboard in Resources */,
				A1EB029A247AA6DF000794AB /* Assets.xcassets in Resources */,
				A1EB0298247AA6DB000794AB /* Main.storyboard in Resources */,
			);
			runOnlyForDeploymentPostprocessing = 0;
		};
/* End PBXResourcesBuildPhase section */

/* Begin PBXSourcesBuildPhase section */
		A1EB028B247AA6DB000794AB /* Sources */ = {
			isa = PBXSourcesBuildPhase;
			buildActionMask = 2147483647;
			files = (
				A1EB0295247AA6DB000794AB /* ViewController.swift in Sources */,
				A1ED0610248B8F9C002EF4D6 /* STORE_CLASS.swift in Sources */,
				A1ED060C248B88FA002EF4D6 /* JSON.swift in Sources */,
				A1ED0631248ED92E002EF4D6 /* SearchFooter.swift in Sources */,
				A1EB02A5247AADA0000794AB /* SearchController.swift in Sources */,
				A1EB0293247AA6DB000794AB /* AppDelegate.swift in Sources */,
				A12F2486247D35890067157F /* CityData.swift in Sources */,
				A12F2481247D34D30067157F /* SalesDetailController.swift in Sources */,
				A12F2484247D34D30067157F /* HospitalDetailController.swift in Sources */,
				A1ED0633248F7E8B002EF4D6 /* Anno.swift in Sources */,
				A1ED062F248CD561002EF4D6 /* CardViewController.swift in Sources */,
				A12F2483247D34D30067157F /* HospitalController.swift in Sources */,
				A12F2482247D34D30067157F /* SalesController.swift in Sources */,
				A1ED0637248F8ECE002EF4D6 /* MapViewController.swift in Sources */,
				A12F247C247D0E3F0067157F /* MaskDetailController.swift in Sources */,
			);
			runOnlyForDeploymentPostprocessing = 0;
		};
/* End PBXSourcesBuildPhase section */

/* Begin PBXVariantGroup section */
		A1EB0296247AA6DB000794AB /* Main.storyboard */ = {
			isa = PBXVariantGroup;
			children = (
				A1EB0297247AA6DB000794AB /* Base */,
			);
			name = Main.storyboard;
			sourceTree = "<group>";
		};
		A1EB029B247AA6DF000794AB /* LaunchScreen.storyboard */ = {
			isa = PBXVariantGroup;
			children = (
				A1EB029C247AA6DF000794AB /* Base */,
			);
			name = LaunchScreen.storyboard;
			sourceTree = "<group>";
		};
/* End PBXVariantGroup section */

/* Begin XCBuildConfiguration section */
		A1EB029F247AA6DF000794AB /* Debug */ = {
			isa = XCBuildConfiguration;
			buildSettings = {
				ALWAYS_SEARCH_USER_PATHS = NO;
				CLANG_ANALYZER_NONNULL = YES;
				CLANG_ANALYZER_NUMBER_OBJECT_CONVERSION = YES_AGGRESSIVE;
				CLANG_CXX_LANGUAGE_STANDARD = "gnu++14";
				CLANG_CXX_LIBRARY = "libc++";
				CLANG_ENABLE_MODULES = YES;
				CLANG_ENABLE_OBJC_ARC = YES;
				CLANG_ENABLE_OBJC_WEAK = YES;
				CLANG_WARN_BLOCK_CAPTURE_AUTORELEASING = YES;
				CLANG_WARN_BOOL_CONVERSION = YES;
				CLANG_WARN_COMMA = YES;
				CLANG_WARN_CONSTANT_CONVERSION = YES;
				CLANG_WARN_DEPRECATED_OBJC_IMPLEMENTATIONS = YES;
				CLANG_WARN_DIRECT_OBJC_ISA_USAGE = YES_ERROR;
				CLANG_WARN_DOCUMENTATION_COMMENTS = YES;
				CLANG_WARN_EMPTY_BODY = YES;
				CLANG_WARN_ENUM_CONVERSION = YES;
				CLANG_WARN_INFINITE_RECURSION = YES;
				CLANG_WARN_INT_CONVERSION = YES;
				CLANG_WARN_NON_LITERAL_NULL_CONVERSION = YES;
				CLANG_WARN_OBJC_IMPLICIT_RETAIN_SELF = YES;
				CLANG_WARN_OBJC_LITERAL_CONVERSION = YES;
				CLANG_WARN_OBJC_ROOT_CLASS = YES_ERROR;
				CLANG_WARN_RANGE_LOOP_ANALYSIS = YES;
				CLANG_WARN_STRICT_PROTOTYPES = YES;
				CLANG_WARN_SUSPICIOUS_MOVE = YES;
				CLANG_WARN_UNGUARDED_AVAILABILITY = YES_AGGRESSIVE;
				CLANG_WARN_UNREACHABLE_CODE = YES;
				CLANG_WARN__DUPLICATE_METHOD_MATCH = YES;
				CODE_SIGN_IDENTITY = "iPhone Developer";
				COPY_PHASE_STRIP = NO;
				DEBUG_INFORMATION_FORMAT = dwarf;
				ENABLE_STRICT_OBJC_MSGSEND = YES;
				ENABLE_TESTABILITY = YES;
				GCC_C_LANGUAGE_STANDARD = gnu11;
				GCC_DYNAMIC_NO_PIC = NO;
				GCC_NO_COMMON_BLOCKS = YES;
				GCC_OPTIMIZATION_LEVEL = 0;
				GCC_PREPROCESSOR_DEFINITIONS = (
					"DEBUG=1",
					"$(inherited)",
				);
				GCC_WARN_64_TO_32_BIT_CONVERSION = YES;
				GCC_WARN_ABOUT_RETURN_TYPE = YES_ERROR;
				GCC_WARN_UNDECLARED_SELECTOR = YES;
				GCC_WARN_UNINITIALIZED_AUTOS = YES_AGGRESSIVE;
				GCC_WARN_UNUSED_FUNCTION = YES;
				GCC_WARN_UNUSED_VARIABLE = YES;
				IPHONEOS_DEPLOYMENT_TARGET = 12.1;
				MTL_ENABLE_DEBUG_INFO = INCLUDE_SOURCE;
				MTL_FAST_MATH = YES;
				ONLY_ACTIVE_ARCH = YES;
				SDKROOT = iphoneos;
				SWIFT_ACTIVE_COMPILATION_CONDITIONS = DEBUG;
				SWIFT_OPTIMIZATION_LEVEL = "-Onone";
			};
			name = Debug;
		};
		A1EB02A0247AA6DF000794AB /* Release */ = {
			isa = XCBuildConfiguration;
			buildSettings = {
				ALWAYS_SEARCH_USER_PATHS = NO;
				CLANG_ANALYZER_NONNULL = YES;
				CLANG_ANALYZER_NUMBER_OBJECT_CONVERSION = YES_AGGRESSIVE;
				CLANG_CXX_LANGUAGE_STANDARD = "gnu++14";
				CLANG_CXX_LIBRARY = "libc++";
				CLANG_ENABLE_MODULES = YES;
				CLANG_ENABLE_OBJC_ARC = YES;
				CLANG_ENABLE_OBJC_WEAK = YES;
				CLANG_WARN_BLOCK_CAPTURE_AUTORELEASING = YES;
				CLANG_WARN_BOOL_CONVERSION = YES;
				CLANG_WARN_COMMA = YES;
				CLANG_WARN_CONSTANT_CONVERSION = YES;
				CLANG_WARN_DEPRECATED_OBJC_IMPLEMENTATIONS = YES;
				CLANG_WARN_DIRECT_OBJC_ISA_USAGE = YES_ERROR;
				CLANG_WARN_DOCUMENTATION_COMMENTS = YES;
				CLANG_WARN_EMPTY_BODY = YES;
				CLANG_WARN_ENUM_CONVERSION = YES;
				CLANG_WARN_INFINITE_RECURSION = YES;
				CLANG_WARN_INT_CONVERSION = YES;
				CLANG_WARN_NON_LITERAL_NULL_CONVERSION = YES;
				CLANG_WARN_OBJC_IMPLICIT_RETAIN_SELF = YES;
				CLANG_WARN_OBJC_LITERAL_CONVERSION = YES;
				CLANG_WARN_OBJC_ROOT_CLASS = YES_ERROR;
				CLANG_WARN_RANGE_LOOP_ANALYSIS = YES;
				CLANG_WARN_STRICT_PROTOTYPES = YES;
				CLANG_WARN_SUSPICIOUS_MOVE = YES;
				CLANG_WARN_UNGUARDED_AVAILABILITY = YES_AGGRESSIVE;
				CLANG_WARN_UNREACHABLE_CODE = YES;
				CLANG_WARN__DUPLICATE_METHOD_MATCH = YES;
				CODE_SIGN_IDENTITY = "iPhone Developer";
				COPY_PHASE_STRIP = NO;
				DEBUG_INFORMATION_FORMAT = "dwarf-with-dsym";
				ENABLE_NS_ASSERTIONS = NO;
				ENABLE_STRICT_OBJC_MSGSEND = YES;
				GCC_C_LANGUAGE_STANDARD = gnu11;
				GCC_NO_COMMON_BLOCKS = YES;
				GCC_WARN_64_TO_32_BIT_CONVERSION = YES;
				GCC_WARN_ABOUT_RETURN_TYPE = YES_ERROR;
				GCC_WARN_UNDECLARED_SELECTOR = YES;
				GCC_WARN_UNINITIALIZED_AUTOS = YES_AGGRESSIVE;
				GCC_WARN_UNUSED_FUNCTION = YES;
				GCC_WARN_UNUSED_VARIABLE = YES;
				IPHONEOS_DEPLOYMENT_TARGET = 12.1;
				MTL_ENABLE_DEBUG_INFO = NO;
				MTL_FAST_MATH = YES;
				SDKROOT = iphoneos;
				SWIFT_COMPILATION_MODE = wholemodule;
				SWIFT_OPTIMIZATION_LEVEL = "-O";
				VALIDATE_PRODUCT = YES;
			};
			name = Release;
		};
		A1EB02A2247AA6DF000794AB /* Debug */ = {
			isa = XCBuildConfiguration;
			buildSettings = {
				ASSETCATALOG_COMPILER_APPICON_NAME = AppIcon;
				CODE_SIGN_STYLE = Automatic;
				DEVELOPMENT_TEAM = AFZZ9DL954;
				INFOPLIST_FILE = Coronask/Info.plist;
				LD_RUNPATH_SEARCH_PATHS = (
					"$(inherited)",
					"@executable_path/Frameworks",
				);
				PRODUCT_BUNDLE_IDENTIFIER = kpu.2020class.Coronask;
				PRODUCT_NAME = "$(TARGET_NAME)";
				SWIFT_VERSION = 4.2;
				TARGETED_DEVICE_FAMILY = "1,2";
			};
			name = Debug;
		};
		A1EB02A3247AA6DF000794AB /* Release */ = {
			isa = XCBuildConfiguration;
			buildSettings = {
				ASSETCATALOG_COMPILER_APPICON_NAME = AppIcon;
				CODE_SIGN_STYLE = Automatic;
				DEVELOPMENT_TEAM = AFZZ9DL954;
				INFOPLIST_FILE = Coronask/Info.plist;
				LD_RUNPATH_SEARCH_PATHS = (
					"$(inherited)",
					"@executable_path/Frameworks",
				);
				PRODUCT_BUNDLE_IDENTIFIER = kpu.2020class.Coronask;
				PRODUCT_NAME = "$(TARGET_NAME)";
				SWIFT_VERSION = 4.2;
				TARGETED_DEVICE_FAMILY = "1,2";
			};
			name = Release;
		};
/* End XCBuildConfiguration section */

/* Begin XCConfigurationList section */
		A1EB028A247AA6DB000794AB /* Build configuration list for PBXProject "Coronask" */ = {
			isa = XCConfigurationList;
			buildConfigurations = (
				A1EB029F247AA6DF000794AB /* Debug */,
				A1EB02A0247AA6DF000794AB /* Release */,
			);
			defaultConfigurationIsVisible = 0;
			defaultConfigurationName = Release;
		};
		A1EB02A1247AA6DF000794AB /* Build configuration list for PBXNativeTarget "Coronask" */ = {
			isa = XCConfigurationList;
			buildConfigurations = (
				A1EB02A2247AA6DF000794AB /* Debug */,
				A1EB02A3247AA6DF000794AB /* Release */,
			);
			defaultConfigurationIsVisible = 0;
			defaultConfigurationName = Release;
		};
/* End XCConfigurationList section */
	};
	rootObject = A1EB0287247AA6DB000794AB /* Project object */;
}
